// !$*UTF8*$!
{
	archiveVersion = 1;
	classes = {
	};
	objectVersion = 55;
	objects = {

/* Begin PBXBuildFile section */
		8383655C280ED3EE00730435 /* LandmarkList.swift in Sources */ = {isa = PBXBuildFile; fileRef = 8383655B280ED3EE00730435 /* LandmarkList.swift */; };
		8383655E280ED61500730435 /* LandmarkDetail.swift in Sources */ = {isa = PBXBuildFile; fileRef = 8383655D280ED61500730435 /* LandmarkDetail.swift */; };
		83D71B85280C373D0063EF60 /* LandmarksApp.swift in Sources */ = {isa = PBXBuildFile; fileRef = 83D71B84280C373D0063EF60 /* LandmarksApp.swift */; };
		83D71B87280C373D0063EF60 /* ContentView.swift in Sources */ = {isa = PBXBuildFile; fileRef = 83D71B86280C373D0063EF60 /* ContentView.swift */; };
		83D71B89280C373E0063EF60 /* Assets.xcassets in Resources */ = {isa = PBXBuildFile; fileRef = 83D71B88280C373E0063EF60 /* Assets.xcassets */; };
		83D71B8C280C373E0063EF60 /* Preview Assets.xcassets in Resources */ = {isa = PBXBuildFile; fileRef = 83D71B8B280C373E0063EF60 /* Preview Assets.xcassets */; };
		83D71B96280C373E0063EF60 /* LandmarksTests.swift in Sources */ = {isa = PBXBuildFile; fileRef = 83D71B95280C373E0063EF60 /* LandmarksTests.swift */; };
		83D71BA0280C373E0063EF60 /* LandmarksUITests.swift in Sources */ = {isa = PBXBuildFile; fileRef = 83D71B9F280C373E0063EF60 /* LandmarksUITests.swift */; };
		83D71BA2280C373E0063EF60 /* LandmarksUITestsLaunchTests.swift in Sources */ = {isa = PBXBuildFile; fileRef = 83D71BA1280C373E0063EF60 /* LandmarksUITestsLaunchTests.swift */; };
		83D71BB4280C3E0C0063EF60 /* ModelData.swift in Sources */ = {isa = PBXBuildFile; fileRef = 83D71BB2280C3E0C0063EF60 /* ModelData.swift */; };
		83D71BB5280C3E0C0063EF60 /* Landmark.swift in Sources */ = {isa = PBXBuildFile; fileRef = 83D71BB3280C3E0C0063EF60 /* Landmark.swift */; };
		83D71BBA280C3E300063EF60 /* CircleImage.swift in Sources */ = {isa = PBXBuildFile; fileRef = 83D71BB7280C3E300063EF60 /* CircleImage.swift */; };
		83D71BBB280C3E300063EF60 /* LandmarkRow.swift in Sources */ = {isa = PBXBuildFile; fileRef = 83D71BB8280C3E300063EF60 /* LandmarkRow.swift */; };
		83D71BBC280C3E300063EF60 /* MapView.swift in Sources */ = {isa = PBXBuildFile; fileRef = 83D71BB9280C3E300063EF60 /* MapView.swift */; };
		83D71BBE280C3E660063EF60 /* hikeData.json in Resources */ = {isa = PBXBuildFile; fileRef = 83D71BBD280C3E660063EF60 /* hikeData.json */; };
		83DC068A28140F11006DF240 /* landmarkData.json in Resources */ = {isa = PBXBuildFile; fileRef = 83DC068928140F11006DF240 /* landmarkData.json */; };
		83DC068C2814190B006DF240 /* FavoriteButton.swift in Sources */ = {isa = PBXBuildFile; fileRef = 83DC068B2814190B006DF240 /* FavoriteButton.swift */; };
/* End PBXBuildFile section */

/* Begin PBXContainerItemProxy section */
		83D71B92280C373E0063EF60 /* PBXContainerItemProxy */ = {
			isa = PBXContainerItemProxy;
			containerPortal = 83D71B79280C373D0063EF60 /* Project object */;
			proxyType = 1;
			remoteGlobalIDString = 83D71B80280C373D0063EF60;
			remoteInfo = Landmarks;
		};
		83D71B9C280C373E0063EF60 /* PBXContainerItemProxy */ = {
			isa = PBXContainerItemProxy;
			containerPortal = 83D71B79280C373D0063EF60 /* Project object */;
			proxyType = 1;
			remoteGlobalIDString = 83D71B80280C373D0063EF60;
			remoteInfo = Landmarks;
		};
/* End PBXContainerItemProxy section */

/* Begin PBXFileReference section */
		8383655B280ED3EE00730435 /* LandmarkList.swift */ = {isa = PBXFileReference; lastKnownFileType = sourcecode.swift; path = LandmarkList.swift; sourceTree = "<group>"; };
		8383655D280ED61500730435 /* LandmarkDetail.swift */ = {isa = PBXFileReference; lastKnownFileType = sourcecode.swift; path = LandmarkDetail.swift; sourceTree = "<group>"; };
		83D71B81280C373D0063EF60 /* Landmarks.app */ = {isa = PBXFileReference; explicitFileType = wrapper.application; includeInIndex = 0; path = Landmarks.app; sourceTree = BUILT_PRODUCTS_DIR; };
		83D71B84280C373D0063EF60 /* LandmarksApp.swift */ = {isa = PBXFileReference; lastKnownFileType = sourcecode.swift; path = LandmarksApp.swift; sourceTree = "<group>"; };
		83D71B86280C373D0063EF60 /* ContentView.swift */ = {isa = PBXFileReference; lastKnownFileType = sourcecode.swift; path = ContentView.swift; sourceTree = "<group>"; };
		83D71B88280C373E0063EF60 /* Assets.xcassets */ = {isa = PBXFileReference; lastKnownFileType = folder.assetcatalog; path = Assets.xcassets; sourceTree = "<group>"; };
		83D71B8B280C373E0063EF60 /* Preview Assets.xcassets */ = {isa = PBXFileReference; lastKnownFileType = folder.assetcatalog; path = "Preview Assets.xcassets"; sourceTree = "<group>"; };
		83D71B91280C373E0063EF60 /* LandmarksTests.xctest */ = {isa = PBXFileReference; explicitFileType = wrapper.cfbundle; includeInIndex = 0; path = LandmarksTests.xctest; sourceTree = BUILT_PRODUCTS_DIR; };
		83D71B95280C373E0063EF60 /* LandmarksTests.swift */ = {isa = PBXFileReference; lastKnownFileType = sourcecode.swift; path = LandmarksTests.swift; sourceTree = "<group>"; };
		83D71B9B280C373E0063EF60 /* LandmarksUITests.xctest */ = {isa = PBXFileReference; explicitFileType = wrapper.cfbundle; includeInIndex = 0; path = LandmarksUITests.xctest; sourceTree = BUILT_PRODUCTS_DIR; };
		83D71B9F280C373E0063EF60 /* LandmarksUITests.swift */ = {isa = PBXFileReference; lastKnownFileType = sourcecode.swift; path = LandmarksUITests.swift; sourceTree = "<group>"; };
		83D71BA1280C373E0063EF60 /* LandmarksUITestsLaunchTests.swift */ = {isa = PBXFileReference; lastKnownFileType = sourcecode.swift; path = LandmarksUITestsLaunchTests.swift; sourceTree = "<group>"; };
		83D71BB2280C3E0C0063EF60 /* ModelData.swift */ = {isa = PBXFileReference; fileEncoding = 4; lastKnownFileType = sourcecode.swift; path = ModelData.swift; sourceTree = "<group>"; };
		83D71BB3280C3E0C0063EF60 /* Landmark.swift */ = {isa = PBXFileReference; fileEncoding = 4; lastKnownFileType = sourcecode.swift; path = Landmark.swift; sourceTree = "<group>"; };
		83D71BB7280C3E300063EF60 /* CircleImage.swift */ = {isa = PBXFileReference; fileEncoding = 4; lastKnownFileType = sourcecode.swift; path = CircleImage.swift; sourceTree = "<group>"; };
		83D71BB8280C3E300063EF60 /* LandmarkRow.swift */ = {isa = PBXFileReference; fileEncoding = 4; lastKnownFileType = sourcecode.swift; path = LandmarkRow.swift; sourceTree = "<group>"; };
		83D71BB9280C3E300063EF60 /* MapView.swift */ = {isa = PBXFileReference; fileEncoding = 4; lastKnownFileType = sourcecode.swift; path = MapView.swift; sourceTree = "<group>"; };
		83D71BBD280C3E660063EF60 /* hikeData.json */ = {isa = PBXFileReference; fileEncoding = 4; lastKnownFileType = text.json; path = hikeData.json; sourceTree = "<group>"; };
		83DC068928140F11006DF240 /* landmarkData.json */ = {isa = PBXFileReference; fileEncoding = 4; lastKnownFileType = text.json; name = landmarkData.json; path = ../../../../../Downloads/HandlingUserInput/Complete/Landmarks/Resources/landmarkData.json; sourceTree = "<group>"; };
		83DC068B2814190B006DF240 /* FavoriteButton.swift */ = {isa = PBXFileReference; lastKnownFileType = sourcecode.swift; path = FavoriteButton.swift; sourceTree = "<group>"; };
/* End PBXFileReference section */

/* Begin PBXFrameworksBuildPhase section */
		83D71B7E280C373D0063EF60 /* Frameworks */ = {
			isa = PBXFrameworksBuildPhase;
			buildActionMask = 2147483647;
			files = (
			);
			runOnlyForDeploymentPostprocessing = 0;
		};
		83D71B8E280C373E0063EF60 /* Frameworks */ = {
			isa = PBXFrameworksBuildPhase;
			buildActionMask = 2147483647;
			files = (
			);
			runOnlyForDeploymentPostprocessing = 0;
		};
		83D71B98280C373E0063EF60 /* Frameworks */ = {
			isa = PBXFrameworksBuildPhase;
			buildActionMask = 2147483647;
			files = (
			);
			runOnlyForDeploymentPostprocessing = 0;
		};
/* End PBXFrameworksBuildPhase section */

/* Begin PBXGroup section */
		83D71B78280C373D0063EF60 = {
			isa = PBXGroup;
			children = (
				83D71B83280C373D0063EF60 /* Landmarks */,
				83D71B94280C373E0063EF60 /* LandmarksTests */,
				83D71B9E280C373E0063EF60 /* LandmarksUITests */,
				83D71B82280C373D0063EF60 /* Products */,
			);
			sourceTree = "<group>";
		};
		83D71B82280C373D0063EF60 /* Products */ = {
			isa = PBXGroup;
			children = (
				83D71B81280C373D0063EF60 /* Landmarks.app */,
				83D71B91280C373E0063EF60 /* LandmarksTests.xctest */,
				83D71B9B280C373E0063EF60 /* LandmarksUITests.xctest */,
			);
			name = Products;
			sourceTree = "<group>";
		};
		83D71B83280C373D0063EF60 /* Landmarks */ = {
			isa = PBXGroup;
			children = (
				83D71BB1280C3DFF0063EF60 /* Model */,
				83D71BB6280C3E140063EF60 /* Views */,
				83D71BAE280C3DDE0063EF60 /* Resources */,
				83D71B84280C373D0063EF60 /* LandmarksApp.swift */,
				83D71B8A280C373E0063EF60 /* Preview Content */,
			);
			path = Landmarks;
			sourceTree = "<group>";
		};
		83D71B8A280C373E0063EF60 /* Preview Content */ = {
			isa = PBXGroup;
			children = (
				83D71B8B280C373E0063EF60 /* Preview Assets.xcassets */,
			);
			path = "Preview Content";
			sourceTree = "<group>";
		};
		83D71B94280C373E0063EF60 /* LandmarksTests */ = {
			isa = PBXGroup;
			children = (
				83D71B95280C373E0063EF60 /* LandmarksTests.swift */,
			);
			path = LandmarksTests;
			sourceTree = "<group>";
		};
		83D71B9E280C373E0063EF60 /* LandmarksUITests */ = {
			isa = PBXGroup;
			children = (
				83D71B9F280C373E0063EF60 /* LandmarksUITests.swift */,
				83D71BA1280C373E0063EF60 /* LandmarksUITestsLaunchTests.swift */,
			);
			path = LandmarksUITests;
			sourceTree = "<group>";
		};
		83D71BAE280C3DDE0063EF60 /* Resources */ = {
			isa = PBXGroup;
			children = (
				83DC068928140F11006DF240 /* landmarkData.json */,
				83D71BBD280C3E660063EF60 /* hikeData.json */,
				83D71B88280C373E0063EF60 /* Assets.xcassets */,
			);
			path = Resources;
			sourceTree = "<group>";
		};
		83D71BB1280C3DFF0063EF60 /* Model */ = {
			isa = PBXGroup;
			children = (
				83D71BB3280C3E0C0063EF60 /* Landmark.swift */,
				83D71BB2280C3E0C0063EF60 /* ModelData.swift */,
			);
			path = Model;
			sourceTree = "<group>";
		};
		83D71BB6280C3E140063EF60 /* Views */ = {
			isa = PBXGroup;
			children = (
				83DC068D2814199F006DF240 /* Landmarks */,
				83DC068E281419BB006DF240 /* Helpers */,
				83D71B86280C373D0063EF60 /* ContentView.swift */,
			);
			path = Views;
			sourceTree = "<group>";
		};
		83DC068D2814199F006DF240 /* Landmarks */ = {
			isa = PBXGroup;
			children = (
				83D71BB8280C3E300063EF60 /* LandmarkRow.swift */,
				8383655B280ED3EE00730435 /* LandmarkList.swift */,
				8383655D280ED61500730435 /* LandmarkDetail.swift */,
			);
			path = Landmarks;
			sourceTree = "<group>";
		};
		83DC068E281419BB006DF240 /* Helpers */ = {
			isa = PBXGroup;
			children = (
				83D71BB7280C3E300063EF60 /* CircleImage.swift */,
				83D71BB9280C3E300063EF60 /* MapView.swift */,
				83DC068B2814190B006DF240 /* FavoriteButton.swift */,
			);
			path = Helpers;
			sourceTree = "<group>";
		};
/* End PBXGroup section */

/* Begin PBXNativeTarget section */
		83D71B80280C373D0063EF60 /* Landmarks */ = {
			isa = PBXNativeTarget;
			buildConfigurationList = 83D71BA5280C373E0063EF60 /* Build configuration list for PBXNativeTarget "Landmarks" */;
			buildPhases = (
				83D71B7D280C373D0063EF60 /* Sources */,
				83D71B7E280C373D0063EF60 /* Frameworks */,
				83D71B7F280C373D0063EF60 /* Resources */,
			);
			buildRules = (
			);
			dependencies = (
			);
			name = Landmarks;
			productName = Landmarks;
			productReference = 83D71B81280C373D0063EF60 /* Landmarks.app */;
			productType = "com.apple.product-type.application";
		};
		83D71B90280C373E0063EF60 /* LandmarksTests */ = {
			isa = PBXNativeTarget;
			buildConfigurationList = 83D71BA8280C373E0063EF60 /* Build configuration list for PBXNativeTarget "LandmarksTests" */;
			buildPhases = (
				83D71B8D280C373E0063EF60 /* Sources */,
				83D71B8E280C373E0063EF60 /* Frameworks */,
				83D71B8F280C373E0063EF60 /* Resources */,
			);
			buildRules = (
			);
			dependencies = (
				83D71B93280C373E0063EF60 /* PBXTargetDependency */,
			);
			name = LandmarksTests;
			productName = LandmarksTests;
			productReference = 83D71B91280C373E0063EF60 /* LandmarksTests.xctest */;
			productType = "com.apple.product-type.bundle.unit-test";
		};
		83D71B9A280C373E0063EF60 /* LandmarksUITests */ = {
			isa = PBXNativeTarget;
			buildConfigurationList = 83D71BAB280C373E0063EF60 /* Build configuration list for PBXNativeTarget "LandmarksUITests" */;
			buildPhases = (
				83D71B97280C373E0063EF60 /* Sources */,
				83D71B98280C373E0063EF60 /* Frameworks */,
				83D71B99280C373E0063EF60 /* Resources */,
			);
			buildRules = (
			);
			dependencies = (
				83D71B9D280C373E0063EF60 /* PBXTargetDependency */,
			);
			name = LandmarksUITests;
			productName = LandmarksUITests;
			productReference = 83D71B9B280C373E0063EF60 /* LandmarksUITests.xctest */;
			productType = "com.apple.product-type.bundle.ui-testing";
		};
/* End PBXNativeTarget section */

/* Begin PBXProject section */
		83D71B79280C373D0063EF60 /* Project object */ = {
			isa = PBXProject;
			attributes = {
				BuildIndependentTargetsInParallel = 1;
				LastSwiftUpdateCheck = 1320;
				LastUpgradeCheck = 1320;
				TargetAttributes = {
					83D71B80280C373D0063EF60 = {
						CreatedOnToolsVersion = 13.2.1;
					};
					83D71B90280C373E0063EF60 = {
						CreatedOnToolsVersion = 13.2.1;
						TestTargetID = 83D71B80280C373D0063EF60;
					};
					83D71B9A280C373E0063EF60 = {
						CreatedOnToolsVersion = 13.2.1;
						TestTargetID = 83D71B80280C373D0063EF60;
					};
				};
			};
			buildConfigurationList = 83D71B7C280C373D0063EF60 /* Build configuration list for PBXProject "Landmarks" */;
			compatibilityVersion = "Xcode 13.0";
			developmentRegion = en;
			hasScannedForEncodings = 0;
			knownRegions = (
				en,
				Base,
			);
			mainGroup = 83D71B78280C373D0063EF60;
			productRefGroup = 83D71B82280C373D0063EF60 /* Products */;
			projectDirPath = "";
			projectRoot = "";
			targets = (
				83D71B80280C373D0063EF60 /* Landmarks */,
				83D71B90280C373E0063EF60 /* LandmarksTests */,
				83D71B9A280C373E0063EF60 /* LandmarksUITests */,
			);
		};
/* End PBXProject section */

/* Begin PBXResourcesBuildPhase section */
		83D71B7F280C373D0063EF60 /* Resources */ = {
			isa = PBXResourcesBuildPhase;
			buildActionMask = 2147483647;
			files = (
				83D71BBE280C3E660063EF60 /* hikeData.json in Resources */,
				83D71B8C280C373E0063EF60 /* Preview Assets.xcassets in Resources */,
				83DC068A28140F11006DF240 /* landmarkData.json in Resources */,
				83D71B89280C373E0063EF60 /* Assets.xcassets in Resources */,
			);
			runOnlyForDeploymentPostprocessing = 0;
		};
		83D71B8F280C373E0063EF60 /* Resources */ = {
			isa = PBXResourcesBuildPhase;
			buildActionMask = 2147483647;
			files = (
			);
			runOnlyForDeploymentPostprocessing = 0;
		};
		83D71B99280C373E0063EF60 /* Resources */ = {
			isa = PBXResourcesBuildPhase;
			buildActionMask = 2147483647;
			files = (
			);
			runOnlyForDeploymentPostprocessing = 0;
		};
/* End PBXResourcesBuildPhase section */

/* Begin PBXSourcesBuildPhase section */
		83D71B7D280C373D0063EF60 /* Sources */ = {
			isa = PBXSourcesBuildPhase;
			buildActionMask = 2147483647;
			files = (
				83D71BBC280C3E300063EF60 /* MapView.swift in Sources */,
				83D71B87280C373D0063EF60 /* ContentView.swift in Sources */,
				83D71B85280C373D0063EF60 /* LandmarksApp.swift in Sources */,
				83DC068C2814190B006DF240 /* FavoriteButton.swift in Sources */,
				8383655C280ED3EE00730435 /* LandmarkList.swift in Sources */,
				8383655E280ED61500730435 /* LandmarkDetail.swift in Sources */,
				83D71BBB280C3E300063EF60 /* LandmarkRow.swift in Sources */,
				83D71BB4280C3E0C0063EF60 /* ModelData.swift in Sources */,
				83D71BB5280C3E0C0063EF60 /* Landmark.swift in Sources */,
				83D71BBA280C3E300063EF60 /* CircleImage.swift in Sources */,
			);
			runOnlyForDeploymentPostprocessing = 0;
		};
		83D71B8D280C373E0063EF60 /* Sources */ = {
			isa = PBXSourcesBuildPhase;
			buildActionMask = 2147483647;
			files = (
				83D71B96280C373E0063EF60 /* LandmarksTests.swift in Sources */,
			);
			runOnlyForDeploymentPostprocessing = 0;
		};
		83D71B97280C373E0063EF60 /* Sources */ = {
			isa = PBXSourcesBuildPhase;
			buildActionMask = 2147483647;
			files = (
				83D71BA2280C373E0063EF60 /* LandmarksUITestsLaunchTests.swift in Sources */,
				83D71BA0280C373E0063EF60 /* LandmarksUITests.swift in Sources */,
			);
			runOnlyForDeploymentPostprocessing = 0;
		};
/* End PBXSourcesBuildPhase section */

/* Begin PBXTargetDependency section */
		83D71B93280C373E0063EF60 /* PBXTargetDependency */ = {
			isa = PBXTargetDependency;
			target = 83D71B80280C373D0063EF60 /* Landmarks */;
			targetProxy = 83D71B92280C373E0063EF60 /* PBXContainerItemProxy */;
		};
		83D71B9D280C373E0063EF60 /* PBXTargetDependency */ = {
			isa = PBXTargetDependency;
			target = 83D71B80280C373D0063EF60 /* Landmarks */;
			targetProxy = 83D71B9C280C373E0063EF60 /* PBXContainerItemProxy */;
		};
/* End PBXTargetDependency section */

/* Begin XCBuildConfiguration section */
		83D71BA3280C373E0063EF60 /* Debug */ = {
			isa = XCBuildConfiguration;
			buildSettings = {
				ALWAYS_SEARCH_USER_PATHS = NO;
				CLANG_ANALYZER_NONNULL = YES;
				CLANG_ANALYZER_NUMBER_OBJECT_CONVERSION = YES_AGGRESSIVE;
				CLANG_CXX_LANGUAGE_STANDARD = "gnu++17";
				CLANG_CXX_LIBRARY = "libc++";
				CLANG_ENABLE_MODULES = YES;
				CLANG_ENABLE_OBJC_ARC = YES;
				CLANG_ENABLE_OBJC_WEAK = YES;
				CLANG_WARN_BLOCK_CAPTURE_AUTORELEASING = YES;
				CLANG_WARN_BOOL_CONVERSION = YES;
				CLANG_WARN_COMMA = YES;
				CLANG_WARN_CONSTANT_CONVERSION = YES;
				CLANG_WARN_DEPRECATED_OBJC_IMPLEMENTATIONS = YES;
				CLANG_WARN_DIRECT_OBJC_ISA_USAGE = YES_ERROR;
				CLANG_WARN_DOCUMENTATION_COMMENTS = YES;
				CLANG_WARN_EMPTY_BODY = YES;
				CLANG_WARN_ENUM_CONVERSION = YES;
				CLANG_WARN_INFINITE_RECURSION = YES;
				CLANG_WARN_INT_CONVERSION = YES;
				CLANG_WARN_NON_LITERAL_NULL_CONVERSION = YES;
				CLANG_WARN_OBJC_IMPLICIT_RETAIN_SELF = YES;
				CLANG_WARN_OBJC_LITERAL_CONVERSION = YES;
				CLANG_WARN_OBJC_ROOT_CLASS = YES_ERROR;
				CLANG_WARN_QUOTED_INCLUDE_IN_FRAMEWORK_HEADER = YES;
				CLANG_WARN_RANGE_LOOP_ANALYSIS = YES;
				CLANG_WARN_STRICT_PROTOTYPES = YES;
				CLANG_WARN_SUSPICIOUS_MOVE = YES;
				CLANG_WARN_UNGUARDED_AVAILABILITY = YES_AGGRESSIVE;
				CLANG_WARN_UNREACHABLE_CODE = YES;
				CLANG_WARN__DUPLICATE_METHOD_MATCH = YES;
				COPY_PHASE_STRIP = NO;
				DEBUG_INFORMATION_FORMAT = dwarf;
				ENABLE_STRICT_OBJC_MSGSEND = YES;
				ENABLE_TESTABILITY = YES;
				GCC_C_LANGUAGE_STANDARD = gnu11;
				GCC_DYNAMIC_NO_PIC = NO;
				GCC_NO_COMMON_BLOCKS = YES;
				GCC_OPTIMIZATION_LEVEL = 0;
				GCC_PREPROCESSOR_DEFINITIONS = (
					"DEBUG=1",
					"$(inherited)",
				);
				GCC_WARN_64_TO_32_BIT_CONVERSION = YES;
				GCC_WARN_ABOUT_RETURN_TYPE = YES_ERROR;
				GCC_WARN_UNDECLARED_SELECTOR = YES;
				GCC_WARN_UNINITIALIZED_AUTOS = YES_AGGRESSIVE;
				GCC_WARN_UNUSED_FUNCTION = YES;
				GCC_WARN_UNUSED_VARIABLE = YES;
				IPHONEOS_DEPLOYMENT_TARGET = 15.2;
				MTL_ENABLE_DEBUG_INFO = INCLUDE_SOURCE;
				MTL_FAST_MATH = YES;
				ONLY_ACTIVE_ARCH = YES;
				SDKROOT = iphoneos;
				SWIFT_ACTIVE_COMPILATION_CONDITIONS = DEBUG;
				SWIFT_OPTIMIZATION_LEVEL = "-Onone";
			};
			name = Debug;
		};
		83D71BA4280C373E0063EF60 /* Release */ = {
			isa = XCBuildConfiguration;
			buildSettings = {
				ALWAYS_SEARCH_USER_PATHS = NO;
				CLANG_ANALYZER_NONNULL = YES;
				CLANG_ANALYZER_NUMBER_OBJECT_CONVERSION = YES_AGGRESSIVE;
				CLANG_CXX_LANGUAGE_STANDARD = "gnu++17";
				CLANG_CXX_LIBRARY = "libc++";
				CLANG_ENABLE_MODULES = YES;
				CLANG_ENABLE_OBJC_ARC = YES;
				CLANG_ENABLE_OBJC_WEAK = YES;
				CLANG_WARN_BLOCK_CAPTURE_AUTORELEASING = YES;
				CLANG_WARN_BOOL_CONVERSION = YES;
				CLANG_WARN_COMMA = YES;
				CLANG_WARN_CONSTANT_CONVERSION = YES;
				CLANG_WARN_DEPRECATED_OBJC_IMPLEMENTATIONS = YES;
				CLANG_WARN_DIRECT_OBJC_ISA_USAGE = YES_ERROR;
				CLANG_WARN_DOCUMENTATION_COMMENTS = YES;
				CLANG_WARN_EMPTY_BODY = YES;
				CLANG_WARN_ENUM_CONVERSION = YES;
				CLANG_WARN_INFINITE_RECURSION = YES;
				CLANG_WARN_INT_CONVERSION = YES;
				CLANG_WARN_NON_LITERAL_NULL_CONVERSION = YES;
				CLANG_WARN_OBJC_IMPLICIT_RETAIN_SELF = YES;
				CLANG_WARN_OBJC_LITERAL_CONVERSION = YES;
				CLANG_WARN_OBJC_ROOT_CLASS = YES_ERROR;
				CLANG_WARN_QUOTED_INCLUDE_IN_FRAMEWORK_HEADER = YES;
				CLANG_WARN_RANGE_LOOP_ANALYSIS = YES;
				CLANG_WARN_STRICT_PROTOTYPES = YES;
				CLANG_WARN_SUSPICIOUS_MOVE = YES;
				CLANG_WARN_UNGUARDED_AVAILABILITY = YES_AGGRESSIVE;
				CLANG_WARN_UNREACHABLE_CODE = YES;
				CLANG_WARN__DUPLICATE_METHOD_MATCH = YES;
				COPY_PHASE_STRIP = NO;
				DEBUG_INFORMATION_FORMAT = "dwarf-with-dsym";
				ENABLE_NS_ASSERTIONS = NO;
				ENABLE_STRICT_OBJC_MSGSEND = YES;
				GCC_C_LANGUAGE_STANDARD = gnu11;
				GCC_NO_COMMON_BLOCKS = YES;
				GCC_WARN_64_TO_32_BIT_CONVERSION = YES;
				GCC_WARN_ABOUT_RETURN_TYPE = YES_ERROR;
				GCC_WARN_UNDECLARED_SELECTOR = YES;
				GCC_WARN_UNINITIALIZED_AUTOS = YES_AGGRESSIVE;
				GCC_WARN_UNUSED_FUNCTION = YES;
				GCC_WARN_UNUSED_VARIABLE = YES;
				IPHONEOS_DEPLOYMENT_TARGET = 15.2;
				MTL_ENABLE_DEBUG_INFO = NO;
				MTL_FAST_MATH = YES;
				SDKROOT = iphoneos;
				SWIFT_COMPILATION_MODE = wholemodule;
				SWIFT_OPTIMIZATION_LEVEL = "-O";
				VALIDATE_PRODUCT = YES;
			};
			name = Release;
		};
		83D71BA6280C373E0063EF60 /* Debug */ = {
			isa = XCBuildConfiguration;
			buildSettings = {
				ASSETCATALOG_COMPILER_APPICON_NAME = AppIcon;
				ASSETCATALOG_COMPILER_GLOBAL_ACCENT_COLOR_NAME = AccentColor;
				CODE_SIGN_STYLE = Automatic;
				CURRENT_PROJECT_VERSION = 1;
				DEVELOPMENT_ASSET_PATHS = "\"Landmarks/Preview Content\"";
				DEVELOPMENT_TEAM = 6SX7U9KUG9;
				ENABLE_PREVIEWS = YES;
				GENERATE_INFOPLIST_FILE = YES;
				INFOPLIST_KEY_UIApplicationSceneManifest_Generation = YES;
				INFOPLIST_KEY_UIApplicationSupportsIndirectInputEvents = YES;
				INFOPLIST_KEY_UILaunchScreen_Generation = YES;
				INFOPLIST_KEY_UISupportedInterfaceOrientations_iPad = "UIInterfaceOrientationPortrait UIInterfaceOrientationPortraitUpsideDown UIInterfaceOrientationLandscapeLeft UIInterfaceOrientationLandscapeRight";
				INFOPLIST_KEY_UISupportedInterfaceOrientations_iPhone = "UIInterfaceOrientationPortrait UIInterfaceOrientationLandscapeLeft UIInterfaceOrientationLandscapeRight";
				LD_RUNPATH_SEARCH_PATHS = (
					"$(inherited)",
					"@executable_path/Frameworks",
				);
				MARKETING_VERSION = 1.0;
				PRODUCT_BUNDLE_IDENTIFIER = com.noifumi.Landmarks;
				PRODUCT_NAME = "$(TARGET_NAME)";
				SWIFT_EMIT_LOC_STRINGS = YES;
				SWIFT_VERSION = 5.0;
				TARGETED_DEVICE_FAMILY = "1,2";
			};
			name = Debug;
		};
		83D71BA7280C373E0063EF60 /* Release */ = {
			isa = XCBuildConfiguration;
			buildSettings = {
				ASSETCATALOG_COMPILER_APPICON_NAME = AppIcon;
				ASSETCATALOG_COMPILER_GLOBAL_ACCENT_COLOR_NAME = AccentColor;
				CODE_SIGN_STYLE = Automatic;
				CURRENT_PROJECT_VERSION = 1;
				DEVELOPMENT_ASSET_PATHS = "\"Landmarks/Preview Content\"";
				DEVELOPMENT_TEAM = 6SX7U9KUG9;
				ENABLE_PREVIEWS = YES;
				GENERATE_INFOPLIST_FILE = YES;
				INFOPLIST_KEY_UIApplicationSceneManifest_Generation = YES;
				INFOPLIST_KEY_UIApplicationSupportsIndirectInputEvents = YES;
				INFOPLIST_KEY_UILaunchScreen_Generation = YES;
				INFOPLIST_KEY_UISupportedInterfaceOrientations_iPad = "UIInterfaceOrientationPortrait UIInterfaceOrientationPortraitUpsideDown UIInterfaceOrientationLandscapeLeft UIInterfaceOrientationLandscapeRight";
				INFOPLIST_KEY_UISupportedInterfaceOrientations_iPhone = "UIInterfaceOrientationPortrait UIInterfaceOrientationLandscapeLeft UIInterfaceOrientationLandscapeRight";
				LD_RUNPATH_SEARCH_PATHS = (
					"$(inherited)",
					"@executable_path/Frameworks",
				);
				MARKETING_VERSION = 1.0;
				PRODUCT_BUNDLE_IDENTIFIER = com.noifumi.Landmarks;
				PRODUCT_NAME = "$(TARGET_NAME)";
				SWIFT_EMIT_LOC_STRINGS = YES;
				SWIFT_VERSION = 5.0;
				TARGETED_DEVICE_FAMILY = "1,2";
			};
			name = Release;
		};
		83D71BA9280C373E0063EF60 /* Debug */ = {
			isa = XCBuildConfiguration;
			buildSettings = {
				ALWAYS_EMBED_SWIFT_STANDARD_LIBRARIES = YES;
				BUNDLE_LOADER = "$(TEST_HOST)";
				CODE_SIGN_STYLE = Automatic;
				CURRENT_PROJECT_VERSION = 1;
				DEVELOPMENT_TEAM = 6SX7U9KUG9;
				GENERATE_INFOPLIST_FILE = YES;
				IPHONEOS_DEPLOYMENT_TARGET = 15.2;
				MARKETING_VERSION = 1.0;
				PRODUCT_BUNDLE_IDENTIFIER = com.noifumi.LandmarksTests;
				PRODUCT_NAME = "$(TARGET_NAME)";
				SWIFT_EMIT_LOC_STRINGS = NO;
				SWIFT_VERSION = 5.0;
				TARGETED_DEVICE_FAMILY = "1,2";
				TEST_HOST = "$(BUILT_PRODUCTS_DIR)/Landmarks.app/Landmarks";
			};
			name = Debug;
		};
		83D71BAA280C373E0063EF60 /* Release */ = {
			isa = XCBuildConfiguration;
			buildSettings = {
				ALWAYS_EMBED_SWIFT_STANDARD_LIBRARIES = YES;
				BUNDLE_LOADER = "$(TEST_HOST)";
				CODE_SIGN_STYLE = Automatic;
				CURRENT_PROJECT_VERSION = 1;
				DEVELOPMENT_TEAM = 6SX7U9KUG9;
				GENERATE_INFOPLIST_FILE = YES;
				IPHONEOS_DEPLOYMENT_TARGET = 15.2;
				MARKETING_VERSION = 1.0;
				PRODUCT_BUNDLE_IDENTIFIER = com.noifumi.LandmarksTests;
				PRODUCT_NAME = "$(TARGET_NAME)";
				SWIFT_EMIT_LOC_STRINGS = NO;
				SWIFT_VERSION = 5.0;
				TARGETED_DEVICE_FAMILY = "1,2";
				TEST_HOST = "$(BUILT_PRODUCTS_DIR)/Landmarks.app/Landmarks";
			};
			name = Release;
		};
		83D71BAC280C373E0063EF60 /* Debug */ = {
			isa = XCBuildConfiguration;
			buildSettings = {
				ALWAYS_EMBED_SWIFT_STANDARD_LIBRARIES = YES;
				CODE_SIGN_STYLE = Automatic;
				CURRENT_PROJECT_VERSION = 1;
				DEVELOPMENT_TEAM = 6SX7U9KUG9;
				GENERATE_INFOPLIST_FILE = YES;
				MARKETING_VERSION = 1.0;
				PRODUCT_BUNDLE_IDENTIFIER = com.noifumi.LandmarksUITests;
				PRODUCT_NAME = "$(TARGET_NAME)";
				SWIFT_EMIT_LOC_STRINGS = NO;
				SWIFT_VERSION = 5.0;
				TARGETED_DEVICE_FAMILY = "1,2";
				TEST_TARGET_NAME = Landmarks;
			};
			name = Debug;
		};
		83D71BAD280C373E0063EF60 /* Release */ = {
			isa = XCBuildConfiguration;
			buildSettings = {
				ALWAYS_EMBED_SWIFT_STANDARD_LIBRARIES = YES;
				CODE_SIGN_STYLE = Automatic;
				CURRENT_PROJECT_VERSION = 1;
				DEVELOPMENT_TEAM = 6SX7U9KUG9;
				GENERATE_INFOPLIST_FILE = YES;
				MARKETING_VERSION = 1.0;
				PRODUCT_BUNDLE_IDENTIFIER = com.noifumi.LandmarksUITests;
				PRODUCT_NAME = "$(TARGET_NAME)";
				SWIFT_EMIT_LOC_STRINGS = NO;
				SWIFT_VERSION = 5.0;
				TARGETED_DEVICE_FAMILY = "1,2";
				TEST_TARGET_NAME = Landmarks;
			};
			name = Release;
		};
/* End XCBuildConfiguration section */

/* Begin XCConfigurationList section */
		83D71B7C280C373D0063EF60 /* Build configuration list for PBXProject "Landmarks" */ = {
			isa = XCConfigurationList;
			buildConfigurations = (
				83D71BA3280C373E0063EF60 /* Debug */,
				83D71BA4280C373E0063EF60 /* Release */,
			);
			defaultConfigurationIsVisible = 0;
			defaultConfigurationName = Release;
		};
		83D71BA5280C373E0063EF60 /* Build configuration list for PBXNativeTarget "Landmarks" */ = {
			isa = XCConfigurationList;
			buildConfigurations = (
				83D71BA6280C373E0063EF60 /* Debug */,
				83D71BA7280C373E0063EF60 /* Release */,
			);
			defaultConfigurationIsVisible = 0;
			defaultConfigurationName = Release;
		};
		83D71BA8280C373E0063EF60 /* Build configuration list for PBXNativeTarget "LandmarksTests" */ = {
			isa = XCConfigurationList;
			buildConfigurations = (
				83D71BA9280C373E0063EF60 /* Debug */,
				83D71BAA280C373E0063EF60 /* Release */,
			);
			defaultConfigurationIsVisible = 0;
			defaultConfigurationName = Release;
		};
		83D71BAB280C373E0063EF60 /* Build configuration list for PBXNativeTarget "LandmarksUITests" */ = {
			isa = XCConfigurationList;
			buildConfigurations = (
				83D71BAC280C373E0063EF60 /* Debug */,
				83D71BAD280C373E0063EF60 /* Release */,
			);
			defaultConfigurationIsVisible = 0;
			defaultConfigurationName = Release;
		};
/* End XCConfigurationList section */
	};
	rootObject = 83D71B79280C373D0063EF60 /* Project object */;
}
